// !$*UTF8*$!
{
	archiveVersion = 1;
	classes = {
	};
	objectVersion = 50;
	objects = {

/* Begin PBXBuildFile section */
		20CC8DC422C60B0800F4AC27 /* FallingWordsViewModel.swift in Sources */ = {isa = PBXBuildFile; fileRef = 20CC8DC322C60B0800F4AC27 /* FallingWordsViewModel.swift */; };
		20CC8DC722C6756200F4AC27 /* FallingWordsViewModelTests.swift in Sources */ = {isa = PBXBuildFile; fileRef = 20CC8DC622C6756200F4AC27 /* FallingWordsViewModelTests.swift */; };
		20CC8DCA22C76D7400F4AC27 /* WordStore+Extension.swift in Sources */ = {isa = PBXBuildFile; fileRef = 20CC8DC922C76D7400F4AC27 /* WordStore+Extension.swift */; };
		20D1A07622C4E2C100BE23AA /* AppDelegate.swift in Sources */ = {isa = PBXBuildFile; fileRef = 20D1A07522C4E2C100BE23AA /* AppDelegate.swift */; };
		20D1A07822C4E2C100BE23AA /* FallingWordsViewController.swift in Sources */ = {isa = PBXBuildFile; fileRef = 20D1A07722C4E2C100BE23AA /* FallingWordsViewController.swift */; };
		20D1A07B22C4E2C100BE23AA /* Main.storyboard in Resources */ = {isa = PBXBuildFile; fileRef = 20D1A07922C4E2C100BE23AA /* Main.storyboard */; };
		20D1A07D22C4E2C300BE23AA /* Assets.xcassets in Resources */ = {isa = PBXBuildFile; fileRef = 20D1A07C22C4E2C300BE23AA /* Assets.xcassets */; };
		20D1A08022C4E2C300BE23AA /* LaunchScreen.storyboard in Resources */ = {isa = PBXBuildFile; fileRef = 20D1A07E22C4E2C300BE23AA /* LaunchScreen.storyboard */; };
		20D1A08B22C4E2C300BE23AA /* FallingWordsTests.swift in Sources */ = {isa = PBXBuildFile; fileRef = 20D1A08A22C4E2C300BE23AA /* FallingWordsTests.swift */; };
		20D1A0A422C4E87400BE23AA /* Word.swift in Sources */ = {isa = PBXBuildFile; fileRef = 20D1A0A322C4E87400BE23AA /* Word.swift */; };
		20D1A0A622C4E8D800BE23AA /* WordStore.swift in Sources */ = {isa = PBXBuildFile; fileRef = 20D1A0A522C4E8D800BE23AA /* WordStore.swift */; };
		20D1A0A922C4ED3A00BE23AA /* WordStoreTests.swift in Sources */ = {isa = PBXBuildFile; fileRef = 20D1A0A822C4ED3A00BE23AA /* WordStoreTests.swift */; };
		20D1A0AC22C4EE3500BE23AA /* words.json in Resources */ = {isa = PBXBuildFile; fileRef = 20D1A0AB22C4EE3500BE23AA /* words.json */; };
		20D1A0B022C4EE8100BE23AA /* test_words.json in Resources */ = {isa = PBXBuildFile; fileRef = 20D1A0AF22C4EE8100BE23AA /* test_words.json */; };
		20D1A0B322C4FEE500BE23AA /* GameMechanics.swift in Sources */ = {isa = PBXBuildFile; fileRef = 20D1A0B222C4FEE500BE23AA /* GameMechanics.swift */; };
		20D1A0B522C5008B00BE23AA /* Translation.swift in Sources */ = {isa = PBXBuildFile; fileRef = 20D1A0B422C5008B00BE23AA /* Translation.swift */; };
		20D1A0B822C503C600BE23AA /* EngToSpan.swift in Sources */ = {isa = PBXBuildFile; fileRef = 20D1A0B722C503C600BE23AA /* EngToSpan.swift */; };
		20D1A0BA22C5408B00BE23AA /* FallingWordsMechanics.swift in Sources */ = {isa = PBXBuildFile; fileRef = 20D1A0B922C5408B00BE23AA /* FallingWordsMechanics.swift */; };
		20D1A0BD22C5603900BE23AA /* AppConstants.swift in Sources */ = {isa = PBXBuildFile; fileRef = 20D1A0BC22C5603900BE23AA /* AppConstants.swift */; };
		20D1A0C022C5664A00BE23AA /* FallingWordsMechanicsTests.swift in Sources */ = {isa = PBXBuildFile; fileRef = 20D1A0BF22C5664A00BE23AA /* FallingWordsMechanicsTests.swift */; };
/* End PBXBuildFile section */

/* Begin PBXContainerItemProxy section */
		20D1A08722C4E2C300BE23AA /* PBXContainerItemProxy */ = {
			isa = PBXContainerItemProxy;
			containerPortal = 20D1A06A22C4E2C100BE23AA /* Project object */;
			proxyType = 1;
			remoteGlobalIDString = 20D1A07122C4E2C100BE23AA;
			remoteInfo = FallingWords;
		};
/* End PBXContainerItemProxy section */

/* Begin PBXFileReference section */
		20CC8DC322C60B0800F4AC27 /* FallingWordsViewModel.swift */ = {isa = PBXFileReference; lastKnownFileType = sourcecode.swift; path = FallingWordsViewModel.swift; sourceTree = "<group>"; };
		20CC8DC622C6756200F4AC27 /* FallingWordsViewModelTests.swift */ = {isa = PBXFileReference; lastKnownFileType = sourcecode.swift; path = FallingWordsViewModelTests.swift; sourceTree = "<group>"; };
		20CC8DC922C76D7400F4AC27 /* WordStore+Extension.swift */ = {isa = PBXFileReference; lastKnownFileType = sourcecode.swift; path = "WordStore+Extension.swift"; sourceTree = "<group>"; };
		20D1A07222C4E2C100BE23AA /* FallingWords.app */ = {isa = PBXFileReference; explicitFileType = wrapper.application; includeInIndex = 0; path = FallingWords.app; sourceTree = BUILT_PRODUCTS_DIR; };
		20D1A07522C4E2C100BE23AA /* AppDelegate.swift */ = {isa = PBXFileReference; lastKnownFileType = sourcecode.swift; path = AppDelegate.swift; sourceTree = "<group>"; };
		20D1A07722C4E2C100BE23AA /* FallingWordsViewController.swift */ = {isa = PBXFileReference; lastKnownFileType = sourcecode.swift; path = FallingWordsViewController.swift; sourceTree = "<group>"; };
		20D1A07A22C4E2C100BE23AA /* Base */ = {isa = PBXFileReference; lastKnownFileType = file.storyboard; name = Base; path = Base.lproj/Main.storyboard; sourceTree = "<group>"; };
		20D1A07C22C4E2C300BE23AA /* Assets.xcassets */ = {isa = PBXFileReference; lastKnownFileType = folder.assetcatalog; path = Assets.xcassets; sourceTree = "<group>"; };
		20D1A07F22C4E2C300BE23AA /* Base */ = {isa = PBXFileReference; lastKnownFileType = file.storyboard; name = Base; path = Base.lproj/LaunchScreen.storyboard; sourceTree = "<group>"; };
		20D1A08122C4E2C300BE23AA /* Info.plist */ = {isa = PBXFileReference; lastKnownFileType = text.plist.xml; path = Info.plist; sourceTree = "<group>"; };
		20D1A08622C4E2C300BE23AA /* FallingWordsTests.xctest */ = {isa = PBXFileReference; explicitFileType = wrapper.cfbundle; includeInIndex = 0; path = FallingWordsTests.xctest; sourceTree = BUILT_PRODUCTS_DIR; };
		20D1A08A22C4E2C300BE23AA /* FallingWordsTests.swift */ = {isa = PBXFileReference; lastKnownFileType = sourcecode.swift; path = FallingWordsTests.swift; sourceTree = "<group>"; };
		20D1A08C22C4E2C300BE23AA /* Info.plist */ = {isa = PBXFileReference; lastKnownFileType = text.plist.xml; path = Info.plist; sourceTree = "<group>"; };
		20D1A0A322C4E87400BE23AA /* Word.swift */ = {isa = PBXFileReference; lastKnownFileType = sourcecode.swift; path = Word.swift; sourceTree = "<group>"; };
		20D1A0A522C4E8D800BE23AA /* WordStore.swift */ = {isa = PBXFileReference; lastKnownFileType = sourcecode.swift; path = WordStore.swift; sourceTree = "<group>"; };
		20D1A0A822C4ED3A00BE23AA /* WordStoreTests.swift */ = {isa = PBXFileReference; lastKnownFileType = sourcecode.swift; path = WordStoreTests.swift; sourceTree = "<group>"; };
		20D1A0AB22C4EE3500BE23AA /* words.json */ = {isa = PBXFileReference; fileEncoding = 4; lastKnownFileType = text.json; path = words.json; sourceTree = "<group>"; };
		20D1A0AF22C4EE8100BE23AA /* test_words.json */ = {isa = PBXFileReference; fileEncoding = 4; lastKnownFileType = text.json; path = test_words.json; sourceTree = "<group>"; };
		20D1A0B222C4FEE500BE23AA /* GameMechanics.swift */ = {isa = PBXFileReference; lastKnownFileType = sourcecode.swift; path = GameMechanics.swift; sourceTree = "<group>"; };
		20D1A0B422C5008B00BE23AA /* Translation.swift */ = {isa = PBXFileReference; lastKnownFileType = sourcecode.swift; name = Translation.swift; path = FallingWords/Source/Models/Translation/Translation.swift; sourceTree = SOURCE_ROOT; };
		20D1A0B722C503C600BE23AA /* EngToSpan.swift */ = {isa = PBXFileReference; lastKnownFileType = sourcecode.swift; path = EngToSpan.swift; sourceTree = "<group>"; };
		20D1A0B922C5408B00BE23AA /* FallingWordsMechanics.swift */ = {isa = PBXFileReference; lastKnownFileType = sourcecode.swift; path = FallingWordsMechanics.swift; sourceTree = "<group>"; };
		20D1A0BC22C5603900BE23AA /* AppConstants.swift */ = {isa = PBXFileReference; lastKnownFileType = sourcecode.swift; path = AppConstants.swift; sourceTree = "<group>"; };
		20D1A0BF22C5664A00BE23AA /* FallingWordsMechanicsTests.swift */ = {isa = PBXFileReference; lastKnownFileType = sourcecode.swift; path = FallingWordsMechanicsTests.swift; sourceTree = "<group>"; };
/* End PBXFileReference section */

/* Begin PBXFrameworksBuildPhase section */
		20D1A06F22C4E2C100BE23AA /* Frameworks */ = {
			isa = PBXFrameworksBuildPhase;
			buildActionMask = 2147483647;
			files = (
			);
			runOnlyForDeploymentPostprocessing = 0;
		};
		20D1A08322C4E2C300BE23AA /* Frameworks */ = {
			isa = PBXFrameworksBuildPhase;
			buildActionMask = 2147483647;
			files = (
			);
			runOnlyForDeploymentPostprocessing = 0;
		};
/* End PBXFrameworksBuildPhase section */

/* Begin PBXGroup section */
		20CC8DC122C60AC300F4AC27 /* ViewModels */ = {
			isa = PBXGroup;
			children = (
				20CC8DC322C60B0800F4AC27 /* FallingWordsViewModel.swift */,
			);
			path = ViewModels;
			sourceTree = "<group>";
		};
		20CC8DC222C60ADC00F4AC27 /* FallingWordsViewController */ = {
			isa = PBXGroup;
			children = (
				20D1A07722C4E2C100BE23AA /* FallingWordsViewController.swift */,
				20CC8DC122C60AC300F4AC27 /* ViewModels */,
			);
			path = FallingWordsViewController;
			sourceTree = "<group>";
		};
		20CC8DC522C6753500F4AC27 /* FallingWordsViewModelTests */ = {
			isa = PBXGroup;
			children = (
				20CC8DC622C6756200F4AC27 /* FallingWordsViewModelTests.swift */,
			);
			path = FallingWordsViewModelTests;
			sourceTree = "<group>";
		};
		20CC8DCB22C7771600F4AC27 /* Extensions */ = {
			isa = PBXGroup;
			children = (
				20CC8DC922C76D7400F4AC27 /* WordStore+Extension.swift */,
			);
			path = Extensions;
			sourceTree = "<group>";
		};
		20D1A06922C4E2C100BE23AA = {
			isa = PBXGroup;
			children = (
				20D1A07422C4E2C100BE23AA /* FallingWords */,
				20D1A08922C4E2C300BE23AA /* FallingWordsTests */,
				20D1A07322C4E2C100BE23AA /* Products */,
			);
			sourceTree = "<group>";
		};
		20D1A07322C4E2C100BE23AA /* Products */ = {
			isa = PBXGroup;
			children = (
				20D1A07222C4E2C100BE23AA /* FallingWords.app */,
				20D1A08622C4E2C300BE23AA /* FallingWordsTests.xctest */,
			);
			name = Products;
			sourceTree = "<group>";
		};
		20D1A07422C4E2C100BE23AA /* FallingWords */ = {
			isa = PBXGroup;
			children = (
				20D1A09C22C4E77000BE23AA /* Source */,
				20D1A09D22C4E77A00BE23AA /* Storyboards */,
				20D1A09F22C4E7AA00BE23AA /* Resources */,
				20D1A09E22C4E79000BE23AA /* SupportingFiles */,
			);
			path = FallingWords;
			sourceTree = "<group>";
		};
		20D1A08922C4E2C300BE23AA /* FallingWordsTests */ = {
			isa = PBXGroup;
			children = (
				20D1A0AA22C4ED9700BE23AA /* TestData */,
				20CC8DCB22C7771600F4AC27 /* Extensions */,
				20D1A0A722C4ED1F00BE23AA /* WordStoreTests */,
				20D1A0BE22C5662B00BE23AA /* FallingWordsMechanicsTest */,
				20CC8DC522C6753500F4AC27 /* FallingWordsViewModelTests */,
				20D1A08A22C4E2C300BE23AA /* FallingWordsTests.swift */,
				20D1A08C22C4E2C300BE23AA /* Info.plist */,
			);
			path = FallingWordsTests;
			sourceTree = "<group>";
		};
		20D1A09B22C4E75F00BE23AA /* ViewControllers */ = {
			isa = PBXGroup;
			children = (
				20CC8DC222C60ADC00F4AC27 /* FallingWordsViewController */,
			);
			path = ViewControllers;
			sourceTree = "<group>";
		};
		20D1A09C22C4E77000BE23AA /* Source */ = {
			isa = PBXGroup;
			children = (
				20D1A0BB22C5601E00BE23AA /* Constants */,
				20D1A0A022C4E7D800BE23AA /* AppDelegate */,
				20D1A0A222C4E85E00BE23AA /* Models */,
				20D1A09B22C4E75F00BE23AA /* ViewControllers */,
				20D1A0A122C4E84200BE23AA /* WordStore */,
				20D1A0B122C4F94500BE23AA /* GameMechanics */,
			);
			path = Source;
			sourceTree = "<group>";
		};
		20D1A09D22C4E77A00BE23AA /* Storyboards */ = {
			isa = PBXGroup;
			children = (
				20D1A07922C4E2C100BE23AA /* Main.storyboard */,
				20D1A07E22C4E2C300BE23AA /* LaunchScreen.storyboard */,
			);
			path = Storyboards;
			sourceTree = "<group>";
		};
		20D1A09E22C4E79000BE23AA /* SupportingFiles */ = {
			isa = PBXGroup;
			children = (
				20D1A08122C4E2C300BE23AA /* Info.plist */,
			);
			path = SupportingFiles;
			sourceTree = "<group>";
		};
		20D1A09F22C4E7AA00BE23AA /* Resources */ = {
			isa = PBXGroup;
			children = (
				20D1A07C22C4E2C300BE23AA /* Assets.xcassets */,
				20D1A0AB22C4EE3500BE23AA /* words.json */,
			);
			path = Resources;
			sourceTree = "<group>";
		};
		20D1A0A022C4E7D800BE23AA /* AppDelegate */ = {
			isa = PBXGroup;
			children = (
				20D1A07522C4E2C100BE23AA /* AppDelegate.swift */,
			);
			path = AppDelegate;
			sourceTree = "<group>";
		};
		20D1A0A122C4E84200BE23AA /* WordStore */ = {
			isa = PBXGroup;
			children = (
				20D1A0A522C4E8D800BE23AA /* WordStore.swift */,
			);
			path = WordStore;
			sourceTree = "<group>";
		};
		20D1A0A222C4E85E00BE23AA /* Models */ = {
			isa = PBXGroup;
			children = (
				20D1A0A322C4E87400BE23AA /* Word.swift */,
				20D1A0B622C500B300BE23AA /* Translation */,
			);
			path = Models;
			sourceTree = "<group>";
		};
		20D1A0A722C4ED1F00BE23AA /* WordStoreTests */ = {
			isa = PBXGroup;
			children = (
				20D1A0A822C4ED3A00BE23AA /* WordStoreTests.swift */,
			);
			path = WordStoreTests;
			sourceTree = "<group>";
		};
		20D1A0AA22C4ED9700BE23AA /* TestData */ = {
			isa = PBXGroup;
			children = (
				20D1A0AF22C4EE8100BE23AA /* test_words.json */,
			);
			path = TestData;
			sourceTree = "<group>";
		};
		20D1A0B122C4F94500BE23AA /* GameMechanics */ = {
			isa = PBXGroup;
			children = (
				20D1A0B222C4FEE500BE23AA /* GameMechanics.swift */,
				20D1A0B922C5408B00BE23AA /* FallingWordsMechanics.swift */,
			);
			path = GameMechanics;
			sourceTree = "<group>";
		};
		20D1A0B622C500B300BE23AA /* Translation */ = {
			isa = PBXGroup;
			children = (
				20D1A0B422C5008B00BE23AA /* Translation.swift */,
				20D1A0B722C503C600BE23AA /* EngToSpan.swift */,
			);
			path = Translation;
			sourceTree = "<group>";
		};
		20D1A0BB22C5601E00BE23AA /* Constants */ = {
			isa = PBXGroup;
			children = (
				20D1A0BC22C5603900BE23AA /* AppConstants.swift */,
			);
			path = Constants;
			sourceTree = "<group>";
		};
		20D1A0BE22C5662B00BE23AA /* FallingWordsMechanicsTest */ = {
			isa = PBXGroup;
			children = (
				20D1A0BF22C5664A00BE23AA /* FallingWordsMechanicsTests.swift */,
			);
			path = FallingWordsMechanicsTest;
			sourceTree = "<group>";
		};
/* End PBXGroup section */

/* Begin PBXNativeTarget section */
		20D1A07122C4E2C100BE23AA /* FallingWords */ = {
			isa = PBXNativeTarget;
			buildConfigurationList = 20D1A08F22C4E2C300BE23AA /* Build configuration list for PBXNativeTarget "FallingWords" */;
			buildPhases = (
				20D1A06E22C4E2C100BE23AA /* Sources */,
				20D1A06F22C4E2C100BE23AA /* Frameworks */,
				20D1A07022C4E2C100BE23AA /* Resources */,
			);
			buildRules = (
			);
			dependencies = (
			);
			name = FallingWords;
			productName = FallingWords;
			productReference = 20D1A07222C4E2C100BE23AA /* FallingWords.app */;
			productType = "com.apple.product-type.application";
		};
		20D1A08522C4E2C300BE23AA /* FallingWordsTests */ = {
			isa = PBXNativeTarget;
			buildConfigurationList = 20D1A09222C4E2C300BE23AA /* Build configuration list for PBXNativeTarget "FallingWordsTests" */;
			buildPhases = (
				20D1A08222C4E2C300BE23AA /* Sources */,
				20D1A08322C4E2C300BE23AA /* Frameworks */,
				20D1A08422C4E2C300BE23AA /* Resources */,
			);
			buildRules = (
			);
			dependencies = (
				20D1A08822C4E2C300BE23AA /* PBXTargetDependency */,
			);
			name = FallingWordsTests;
			productName = FallingWordsTests;
			productReference = 20D1A08622C4E2C300BE23AA /* FallingWordsTests.xctest */;
			productType = "com.apple.product-type.bundle.unit-test";
		};
/* End PBXNativeTarget section */

/* Begin PBXProject section */
		20D1A06A22C4E2C100BE23AA /* Project object */ = {
			isa = PBXProject;
			attributes = {
				LastSwiftUpdateCheck = 1010;
				LastUpgradeCheck = 1010;
				ORGANIZATIONNAME = Vijay;
				TargetAttributes = {
					20D1A07122C4E2C100BE23AA = {
						CreatedOnToolsVersion = 10.1;
					};
					20D1A08522C4E2C300BE23AA = {
						CreatedOnToolsVersion = 10.1;
						TestTargetID = 20D1A07122C4E2C100BE23AA;
					};
				};
			};
			buildConfigurationList = 20D1A06D22C4E2C100BE23AA /* Build configuration list for PBXProject "FallingWords" */;
			compatibilityVersion = "Xcode 9.3";
			developmentRegion = en;
			hasScannedForEncodings = 0;
			knownRegions = (
				en,
				Base,
			);
			mainGroup = 20D1A06922C4E2C100BE23AA;
			productRefGroup = 20D1A07322C4E2C100BE23AA /* Products */;
			projectDirPath = "";
			projectRoot = "";
			targets = (
				20D1A07122C4E2C100BE23AA /* FallingWords */,
				20D1A08522C4E2C300BE23AA /* FallingWordsTests */,
			);
		};
/* End PBXProject section */

/* Begin PBXResourcesBuildPhase section */
		20D1A07022C4E2C100BE23AA /* Resources */ = {
			isa = PBXResourcesBuildPhase;
			buildActionMask = 2147483647;
			files = (
				20D1A08022C4E2C300BE23AA /* LaunchScreen.storyboard in Resources */,
				20D1A0AC22C4EE3500BE23AA /* words.json in Resources */,
				20D1A07D22C4E2C300BE23AA /* Assets.xcassets in Resources */,
				20D1A07B22C4E2C100BE23AA /* Main.storyboard in Resources */,
			);
			runOnlyForDeploymentPostprocessing = 0;
		};
		20D1A08422C4E2C300BE23AA /* Resources */ = {
			isa = PBXResourcesBuildPhase;
			buildActionMask = 2147483647;
			files = (
				20D1A0B022C4EE8100BE23AA /* test_words.json in Resources */,
			);
			runOnlyForDeploymentPostprocessing = 0;
		};
/* End PBXResourcesBuildPhase section */

/* Begin PBXSourcesBuildPhase section */
		20D1A06E22C4E2C100BE23AA /* Sources */ = {
			isa = PBXSourcesBuildPhase;
			buildActionMask = 2147483647;
			files = (
				20D1A0B322C4FEE500BE23AA /* GameMechanics.swift in Sources */,
				20D1A0BD22C5603900BE23AA /* AppConstants.swift in Sources */,
				20CC8DC422C60B0800F4AC27 /* FallingWordsViewModel.swift in Sources */,
				20D1A07822C4E2C100BE23AA /* FallingWordsViewController.swift in Sources */,
				20D1A07622C4E2C100BE23AA /* AppDelegate.swift in Sources */,
				20D1A0A422C4E87400BE23AA /* Word.swift in Sources */,
				20D1A0A622C4E8D800BE23AA /* WordStore.swift in Sources */,
				20D1A0BA22C5408B00BE23AA /* FallingWordsMechanics.swift in Sources */,
				20D1A0B522C5008B00BE23AA /* Translation.swift in Sources */,
				20D1A0B822C503C600BE23AA /* EngToSpan.swift in Sources */,
			);
			runOnlyForDeploymentPostprocessing = 0;
		};
		20D1A08222C4E2C300BE23AA /* Sources */ = {
			isa = PBXSourcesBuildPhase;
			buildActionMask = 2147483647;
			files = (
				20CC8DC722C6756200F4AC27 /* FallingWordsViewModelTests.swift in Sources */,
				20D1A08B22C4E2C300BE23AA /* FallingWordsTests.swift in Sources */,
				20D1A0C022C5664A00BE23AA /* FallingWordsMechanicsTests.swift in Sources */,
				20CC8DCA22C76D7400F4AC27 /* WordStore+Extension.swift in Sources */,
				20D1A0A922C4ED3A00BE23AA /* WordStoreTests.swift in Sources */,
			);
			runOnlyForDeploymentPostprocessing = 0;
		};
/* End PBXSourcesBuildPhase section */

/* Begin PBXTargetDependency section */
		20D1A08822C4E2C300BE23AA /* PBXTargetDependency */ = {
			isa = PBXTargetDependency;
			target = 20D1A07122C4E2C100BE23AA /* FallingWords */;
			targetProxy = 20D1A08722C4E2C300BE23AA /* PBXContainerItemProxy */;
		};
/* End PBXTargetDependency section */

/* Begin PBXVariantGroup section */
		20D1A07922C4E2C100BE23AA /* Main.storyboard */ = {
			isa = PBXVariantGroup;
			children = (
				20D1A07A22C4E2C100BE23AA /* Base */,
			);
			name = Main.storyboard;
			sourceTree = "<group>";
		};
		20D1A07E22C4E2C300BE23AA /* LaunchScreen.storyboard */ = {
			isa = PBXVariantGroup;
			children = (
				20D1A07F22C4E2C300BE23AA /* Base */,
			);
			name = LaunchScreen.storyboard;
			sourceTree = "<group>";
		};
/* End PBXVariantGroup section */

/* Begin XCBuildConfiguration section */
		20D1A08D22C4E2C300BE23AA /* Debug */ = {
			isa = XCBuildConfiguration;
			buildSettings = {
				ALWAYS_SEARCH_USER_PATHS = NO;
				CLANG_ANALYZER_NONNULL = YES;
				CLANG_ANALYZER_NUMBER_OBJECT_CONVERSION = YES_AGGRESSIVE;
				CLANG_CXX_LANGUAGE_STANDARD = "gnu++14";
				CLANG_CXX_LIBRARY = "libc++";
				CLANG_ENABLE_MODULES = YES;
				CLANG_ENABLE_OBJC_ARC = YES;
				CLANG_ENABLE_OBJC_WEAK = YES;
				CLANG_WARN_BLOCK_CAPTURE_AUTORELEASING = YES;
				CLANG_WARN_BOOL_CONVERSION = YES;
				CLANG_WARN_COMMA = YES;
				CLANG_WARN_CONSTANT_CONVERSION = YES;
				CLANG_WARN_DEPRECATED_OBJC_IMPLEMENTATIONS = YES;
				CLANG_WARN_DIRECT_OBJC_ISA_USAGE = YES_ERROR;
				CLANG_WARN_DOCUMENTATION_COMMENTS = YES;
				CLANG_WARN_EMPTY_BODY = YES;
				CLANG_WARN_ENUM_CONVERSION = YES;
				CLANG_WARN_INFINITE_RECURSION = YES;
				CLANG_WARN_INT_CONVERSION = YES;
				CLANG_WARN_NON_LITERAL_NULL_CONVERSION = YES;
				CLANG_WARN_OBJC_IMPLICIT_RETAIN_SELF = YES;
				CLANG_WARN_OBJC_LITERAL_CONVERSION = YES;
				CLANG_WARN_OBJC_ROOT_CLASS = YES_ERROR;
				CLANG_WARN_RANGE_LOOP_ANALYSIS = YES;
				CLANG_WARN_STRICT_PROTOTYPES = YES;
				CLANG_WARN_SUSPICIOUS_MOVE = YES;
				CLANG_WARN_UNGUARDED_AVAILABILITY = YES_AGGRESSIVE;
				CLANG_WARN_UNREACHABLE_CODE = YES;
				CLANG_WARN__DUPLICATE_METHOD_MATCH = YES;
				CODE_SIGN_IDENTITY = "iPhone Developer";
				COPY_PHASE_STRIP = NO;
				DEBUG_INFORMATION_FORMAT = dwarf;
				ENABLE_STRICT_OBJC_MSGSEND = YES;
				ENABLE_TESTABILITY = YES;
				GCC_C_LANGUAGE_STANDARD = gnu11;
				GCC_DYNAMIC_NO_PIC = NO;
				GCC_NO_COMMON_BLOCKS = YES;
				GCC_OPTIMIZATION_LEVEL = 0;
				GCC_PREPROCESSOR_DEFINITIONS = (
					"DEBUG=1",
					"$(inherited)",
				);
				GCC_WARN_64_TO_32_BIT_CONVERSION = YES;
				GCC_WARN_ABOUT_RETURN_TYPE = YES_ERROR;
				GCC_WARN_UNDECLARED_SELECTOR = YES;
				GCC_WARN_UNINITIALIZED_AUTOS = YES_AGGRESSIVE;
				GCC_WARN_UNUSED_FUNCTION = YES;
				GCC_WARN_UNUSED_VARIABLE = YES;
				IPHONEOS_DEPLOYMENT_TARGET = 12.1;
				MTL_ENABLE_DEBUG_INFO = INCLUDE_SOURCE;
				MTL_FAST_MATH = YES;
				ONLY_ACTIVE_ARCH = YES;
				SDKROOT = iphoneos;
				SWIFT_ACTIVE_COMPILATION_CONDITIONS = DEBUG;
				SWIFT_OPTIMIZATION_LEVEL = "-Onone";
			};
			name = Debug;
		};
		20D1A08E22C4E2C300BE23AA /* Release */ = {
			isa = XCBuildConfiguration;
			buildSettings = {
				ALWAYS_SEARCH_USER_PATHS = NO;
				CLANG_ANALYZER_NONNULL = YES;
				CLANG_ANALYZER_NUMBER_OBJECT_CONVERSION = YES_AGGRESSIVE;
				CLANG_CXX_LANGUAGE_STANDARD = "gnu++14";
				CLANG_CXX_LIBRARY = "libc++";
				CLANG_ENABLE_MODULES = YES;
				CLANG_ENABLE_OBJC_ARC = YES;
				CLANG_ENABLE_OBJC_WEAK = YES;
				CLANG_WARN_BLOCK_CAPTURE_AUTORELEASING = YES;
				CLANG_WARN_BOOL_CONVERSION = YES;
				CLANG_WARN_COMMA = YES;
				CLANG_WARN_CONSTANT_CONVERSION = YES;
				CLANG_WARN_DEPRECATED_OBJC_IMPLEMENTATIONS = YES;
				CLANG_WARN_DIRECT_OBJC_ISA_USAGE = YES_ERROR;
				CLANG_WARN_DOCUMENTATION_COMMENTS = YES;
				CLANG_WARN_EMPTY_BODY = YES;
				CLANG_WARN_ENUM_CONVERSION = YES;
				CLANG_WARN_INFINITE_RECURSION = YES;
				CLANG_WARN_INT_CONVERSION = YES;
				CLANG_WARN_NON_LITERAL_NULL_CONVERSION = YES;
				CLANG_WARN_OBJC_IMPLICIT_RETAIN_SELF = YES;
				CLANG_WARN_OBJC_LITERAL_CONVERSION = YES;
				CLANG_WARN_OBJC_ROOT_CLASS = YES_ERROR;
				CLANG_WARN_RANGE_LOOP_ANALYSIS = YES;
				CLANG_WARN_STRICT_PROTOTYPES = YES;
				CLANG_WARN_SUSPICIOUS_MOVE = YES;
				CLANG_WARN_UNGUARDED_AVAILABILITY = YES_AGGRESSIVE;
				CLANG_WARN_UNREACHABLE_CODE = YES;
				CLANG_WARN__DUPLICATE_METHOD_MATCH = YES;
				CODE_SIGN_IDENTITY = "iPhone Developer";
				COPY_PHASE_STRIP = NO;
				DEBUG_INFORMATION_FORMAT = "dwarf-with-dsym";
				ENABLE_NS_ASSERTIONS = NO;
				ENABLE_STRICT_OBJC_MSGSEND = YES;
				GCC_C_LANGUAGE_STANDARD = gnu11;
				GCC_NO_COMMON_BLOCKS = YES;
				GCC_WARN_64_TO_32_BIT_CONVERSION = YES;
				GCC_WARN_ABOUT_RETURN_TYPE = YES_ERROR;
				GCC_WARN_UNDECLARED_SELECTOR = YES;
				GCC_WARN_UNINITIALIZED_AUTOS = YES_AGGRESSIVE;
				GCC_WARN_UNUSED_FUNCTION = YES;
				GCC_WARN_UNUSED_VARIABLE = YES;
				IPHONEOS_DEPLOYMENT_TARGET = 12.1;
				MTL_ENABLE_DEBUG_INFO = NO;
				MTL_FAST_MATH = YES;
				SDKROOT = iphoneos;
				SWIFT_COMPILATION_MODE = wholemodule;
				SWIFT_OPTIMIZATION_LEVEL = "-O";
				VALIDATE_PRODUCT = YES;
			};
			name = Release;
		};
		20D1A09022C4E2C300BE23AA /* Debug */ = {
			isa = XCBuildConfiguration;
			buildSettings = {
				ASSETCATALOG_COMPILER_APPICON_NAME = AppIcon;
				CODE_SIGN_STYLE = Automatic;
				INFOPLIST_FILE = FallingWords/SupportingFiles/Info.plist;
				LD_RUNPATH_SEARCH_PATHS = (
					"$(inherited)",
					"@executable_path/Frameworks",
				);
				PRODUCT_BUNDLE_IDENTIFIER = com.test.FallingWords;
				PRODUCT_NAME = "$(TARGET_NAME)";
				SWIFT_VERSION = 4.2;
				TARGETED_DEVICE_FAMILY = "1,2";
			};
			name = Debug;
		};
		20D1A09122C4E2C300BE23AA /* Release */ = {
			isa = XCBuildConfiguration;
			buildSettings = {
				ASSETCATALOG_COMPILER_APPICON_NAME = AppIcon;
				CODE_SIGN_STYLE = Automatic;
				INFOPLIST_FILE = FallingWords/SupportingFiles/Info.plist;
				LD_RUNPATH_SEARCH_PATHS = (
					"$(inherited)",
					"@executable_path/Frameworks",
				);
				PRODUCT_BUNDLE_IDENTIFIER = com.test.FallingWords;
				PRODUCT_NAME = "$(TARGET_NAME)";
				SWIFT_VERSION = 4.2;
				TARGETED_DEVICE_FAMILY = "1,2";
			};
			name = Release;
		};
		20D1A09322C4E2C300BE23AA /* Debug */ = {
			isa = XCBuildConfiguration;
			buildSettings = {
				ALWAYS_EMBED_SWIFT_STANDARD_LIBRARIES = YES;
				BUNDLE_LOADER = "$(TEST_HOST)";
				CODE_SIGN_STYLE = Automatic;
				INFOPLIST_FILE = FallingWordsTests/Info.plist;
				LD_RUNPATH_SEARCH_PATHS = (
					"$(inherited)",
					"@executable_path/Frameworks",
					"@loader_path/Frameworks",
				);
				PRODUCT_BUNDLE_IDENTIFIER = com.test.FallingWordsTests;
				PRODUCT_NAME = "$(TARGET_NAME)";
				SWIFT_VERSION = 4.2;
				TARGETED_DEVICE_FAMILY = "1,2";
				TEST_HOST = "$(BUILT_PRODUCTS_DIR)/FallingWords.app/FallingWords";
			};
			name = Debug;
		};
		20D1A09422C4E2C300BE23AA /* Release */ = {
			isa = XCBuildConfiguration;
			buildSettings = {
				ALWAYS_EMBED_SWIFT_STANDARD_LIBRARIES = YES;
				BUNDLE_LOADER = "$(TEST_HOST)";
				CODE_SIGN_STYLE = Automatic;
				INFOPLIST_FILE = FallingWordsTests/Info.plist;
				LD_RUNPATH_SEARCH_PATHS = (
					"$(inherited)",
					"@executable_path/Frameworks",
					"@loader_path/Frameworks",
				);
				PRODUCT_BUNDLE_IDENTIFIER = com.test.FallingWordsTests;
				PRODUCT_NAME = "$(TARGET_NAME)";
				SWIFT_VERSION = 4.2;
				TARGETED_DEVICE_FAMILY = "1,2";
				TEST_HOST = "$(BUILT_PRODUCTS_DIR)/FallingWords.app/FallingWords";
			};
			name = Release;
		};
/* End XCBuildConfiguration section */

/* Begin XCConfigurationList section */
		20D1A06D22C4E2C100BE23AA /* Build configuration list for PBXProject "FallingWords" */ = {
			isa = XCConfigurationList;
			buildConfigurations = (
				20D1A08D22C4E2C300BE23AA /* Debug */,
				20D1A08E22C4E2C300BE23AA /* Release */,
			);
			defaultConfigurationIsVisible = 0;
			defaultConfigurationName = Release;
		};
		20D1A08F22C4E2C300BE23AA /* Build configuration list for PBXNativeTarget "FallingWords" */ = {
			isa = XCConfigurationList;
			buildConfigurations = (
				20D1A09022C4E2C300BE23AA /* Debug */,
				20D1A09122C4E2C300BE23AA /* Release */,
			);
			defaultConfigurationIsVisible = 0;
			defaultConfigurationName = Release;
		};
		20D1A09222C4E2C300BE23AA /* Build configuration list for PBXNativeTarget "FallingWordsTests" */ = {
			isa = XCConfigurationList;
			buildConfigurations = (
				20D1A09322C4E2C300BE23AA /* Debug */,
				20D1A09422C4E2C300BE23AA /* Release */,
			);
			defaultConfigurationIsVisible = 0;
			defaultConfigurationName = Release;
		};
/* End XCConfigurationList section */
	};
	rootObject = 20D1A06A22C4E2C100BE23AA /* Project object */;
}
